
Microsoft Visual Studio Solution File, Format Version 12.00
# Visual Studio Version 16
VisualStudioVersion = 16.0.30804.86
MinimumVisualStudioVersion = 10.0.40219.1
Project("{FAE04EC0-301F-11D3-BF4B-00C04F79EFBC}") = "ObjectContextApp", "ObjectContextApp\ObjectContextApp.csproj", "{561852CF-ACB2-49CC-BA14-0936F48282F6}"
EndProject
Global
	GlobalSection(SolutionConfigurationPlatforms) = preSolution
		Debug|Any CPU = Debug|Any CPU
		Release|Any CPU = Release|Any CPU
	EndGlobalSection
	GlobalSection(ProjectConfigurationPlatforms) = postSolution
		{561852CF-ACB2-49CC-BA14-0936F48282F6}.Debug|Any CPU.ActiveCfg = Debug|Any CPU
		{561852CF-ACB2-49CC-BA14-0936F48282F6}.Debug|Any CPU.Build.0 = Debug|Any CPU
		{561852CF-ACB2-49CC-BA14-0936F48282F6}.Release|Any CPU.ActiveCfg = Release|Any CPU
		{561852CF-ACB2-49CC-BA14-0936F48282F6}.Release|Any CPU.Build.0 = Release|Any CPU
	EndGlobalSection
	GlobalSection(SolutionProperties) = preSolution
		HideSolutionNode = FALSE
	EndGlobalSection
	GlobalSection(ExtensibilityGlobals) = postSolution
		SolutionGuid = {98850A67-D030-439A-A38F-6EC6ECDBC91D}
	EndGlobalSection
EndGlobal
