
Microsoft Visual Studio Solution File, Format Version 12.00
# Visual Studio Version 16
VisualStudioVersion = 16.0.30011.22
MinimumVisualStudioVersion = 10.0.40219.1
Project("{FAE04EC0-301F-11D3-BF4B-00C04F79EFBC}") = "StaticDataAndMembers", "StaticDataAndMembers\StaticDataAndMembers.csproj", "{2406F2DD-B4FD-48B1-9CF5-FD3C7ECBFB3B}"
EndProject
Global
	GlobalSection(SolutionConfigurationPlatforms) = preSolution
		Debug|Any CPU = Debug|Any CPU
		Release|Any CPU = Release|Any CPU
	EndGlobalSection
	GlobalSection(ProjectConfigurationPlatforms) = postSolution
		{2406F2DD-B4FD-48B1-9CF5-FD3C7ECBFB3B}.Debug|Any CPU.ActiveCfg = Debug|Any CPU
		{2406F2DD-B4FD-48B1-9CF5-FD3C7ECBFB3B}.Debug|Any CPU.Build.0 = Debug|Any CPU
		{2406F2DD-B4FD-48B1-9CF5-FD3C7ECBFB3B}.Release|Any CPU.ActiveCfg = Release|Any CPU
		{2406F2DD-B4FD-48B1-9CF5-FD3C7ECBFB3B}.Release|Any CPU.Build.0 = Release|Any CPU
	EndGlobalSection
	GlobalSection(SolutionProperties) = preSolution
		HideSolutionNode = FALSE
	EndGlobalSection
	GlobalSection(ExtensibilityGlobals) = postSolution
		SolutionGuid = {63C42D46-DCAC-47FE-9BB9-D1EA1628C309}
	EndGlobalSection
EndGlobal
