
Microsoft Visual Studio Solution File, Format Version 12.00
# Visual Studio Version 16
VisualStudioVersion = 16.0.30517.126
MinimumVisualStudioVersion = 10.0.40219.1
Project("{FAE04EC0-301F-11D3-BF4B-00C04F79EFBC}") = "MIInterfaceHierarchy", "MIInterfaceHierarchy\MIInterfaceHierarchy.csproj", "{D5DA9248-65D8-4843-92A5-00CE0447147D}"
EndProject
Global
	GlobalSection(SolutionConfigurationPlatforms) = preSolution
		Debug|Any CPU = Debug|Any CPU
		Release|Any CPU = Release|Any CPU
	EndGlobalSection
	GlobalSection(ProjectConfigurationPlatforms) = postSolution
		{D5DA9248-65D8-4843-92A5-00CE0447147D}.Debug|Any CPU.ActiveCfg = Debug|Any CPU
		{D5DA9248-65D8-4843-92A5-00CE0447147D}.Debug|Any CPU.Build.0 = Debug|Any CPU
		{D5DA9248-65D8-4843-92A5-00CE0447147D}.Release|Any CPU.ActiveCfg = Release|Any CPU
		{D5DA9248-65D8-4843-92A5-00CE0447147D}.Release|Any CPU.Build.0 = Release|Any CPU
	EndGlobalSection
	GlobalSection(SolutionProperties) = preSolution
		HideSolutionNode = FALSE
	EndGlobalSection
	GlobalSection(ExtensibilityGlobals) = postSolution
		SolutionGuid = {85CFA3F6-F569-45CC-8460-EBF03032563C}
	EndGlobalSection
EndGlobal
