
Microsoft Visual Studio Solution File, Format Version 12.00
# Visual Studio Version 16
VisualStudioVersion = 16.0.30621.155
MinimumVisualStudioVersion = 10.0.40219.1
Project("{FAE04EC0-301F-11D3-BF4B-00C04F79EFBC}") = "LinqUsingEnumerable", "LinqUsingEnumerable\LinqUsingEnumerable.csproj", "{CC0B4A08-E2A2-41F9-A5AF-E3DF4ED39AC8}"
EndProject
Global
	GlobalSection(SolutionConfigurationPlatforms) = preSolution
		Debug|Any CPU = Debug|Any CPU
		Release|Any CPU = Release|Any CPU
	EndGlobalSection
	GlobalSection(ProjectConfigurationPlatforms) = postSolution
		{CC0B4A08-E2A2-41F9-A5AF-E3DF4ED39AC8}.Debug|Any CPU.ActiveCfg = Debug|Any CPU
		{CC0B4A08-E2A2-41F9-A5AF-E3DF4ED39AC8}.Debug|Any CPU.Build.0 = Debug|Any CPU
		{CC0B4A08-E2A2-41F9-A5AF-E3DF4ED39AC8}.Release|Any CPU.ActiveCfg = Release|Any CPU
		{CC0B4A08-E2A2-41F9-A5AF-E3DF4ED39AC8}.Release|Any CPU.Build.0 = Release|Any CPU
	EndGlobalSection
	GlobalSection(SolutionProperties) = preSolution
		HideSolutionNode = FALSE
	EndGlobalSection
	GlobalSection(ExtensibilityGlobals) = postSolution
		SolutionGuid = {049D8FCE-5D3F-420A-8F79-736B3C7306D6}
	EndGlobalSection
EndGlobal
