
Microsoft Visual Studio Solution File, Format Version 12.00
# Visual Studio Version 16
VisualStudioVersion = 16.0.30621.155
MinimumVisualStudioVersion = 10.0.40219.1
Project("{FAE04EC0-301F-11D3-BF4B-00C04F79EFBC}") = "SimpleDispose", "SimpleDispose\SimpleDispose.csproj", "{DC874C81-B6C9-4A67-BC2B-D5E6D87CFBD5}"
EndProject
Global
	GlobalSection(SolutionConfigurationPlatforms) = preSolution
		Debug|Any CPU = Debug|Any CPU
		Release|Any CPU = Release|Any CPU
	EndGlobalSection
	GlobalSection(ProjectConfigurationPlatforms) = postSolution
		{DC874C81-B6C9-4A67-BC2B-D5E6D87CFBD5}.Debug|Any CPU.ActiveCfg = Debug|Any CPU
		{DC874C81-B6C9-4A67-BC2B-D5E6D87CFBD5}.Debug|Any CPU.Build.0 = Debug|Any CPU
		{DC874C81-B6C9-4A67-BC2B-D5E6D87CFBD5}.Release|Any CPU.ActiveCfg = Release|Any CPU
		{DC874C81-B6C9-4A67-BC2B-D5E6D87CFBD5}.Release|Any CPU.Build.0 = Release|Any CPU
	EndGlobalSection
	GlobalSection(SolutionProperties) = preSolution
		HideSolutionNode = FALSE
	EndGlobalSection
	GlobalSection(ExtensibilityGlobals) = postSolution
		SolutionGuid = {D05A9ADD-1285-4522-95A9-4C8ED63460AD}
	EndGlobalSection
EndGlobal
