
Microsoft Visual Studio Solution File, Format Version 12.00
# Visual Studio Version 16
VisualStudioVersion = 16.0.30611.23
MinimumVisualStudioVersion = 10.0.40219.1
Project("{FAE04EC0-301F-11D3-BF4B-00C04F79EFBC}") = "AnonymousTypes", "AnonymousTypes\AnonymousTypes.csproj", "{24840C56-28C1-400C-BDC5-C8279FFB95AD}"
EndProject
Global
	GlobalSection(SolutionConfigurationPlatforms) = preSolution
		Debug|Any CPU = Debug|Any CPU
		Release|Any CPU = Release|Any CPU
	EndGlobalSection
	GlobalSection(ProjectConfigurationPlatforms) = postSolution
		{24840C56-28C1-400C-BDC5-C8279FFB95AD}.Debug|Any CPU.ActiveCfg = Debug|Any CPU
		{24840C56-28C1-400C-BDC5-C8279FFB95AD}.Debug|Any CPU.Build.0 = Debug|Any CPU
		{24840C56-28C1-400C-BDC5-C8279FFB95AD}.Release|Any CPU.ActiveCfg = Release|Any CPU
		{24840C56-28C1-400C-BDC5-C8279FFB95AD}.Release|Any CPU.Build.0 = Release|Any CPU
	EndGlobalSection
	GlobalSection(SolutionProperties) = preSolution
		HideSolutionNode = FALSE
	EndGlobalSection
	GlobalSection(ExtensibilityGlobals) = postSolution
		SolutionGuid = {2223DFA4-C836-4639-A77E-900B8C833850}
	EndGlobalSection
EndGlobal
