
Microsoft Visual Studio Solution File, Format Version 12.00
# Visual Studio Version 16
VisualStudioVersion = 16.0.30503.244
MinimumVisualStudioVersion = 10.0.40219.1
Project("{FAE04EC0-301F-11D3-BF4B-00C04F79EFBC}") = "ProcessMultipleExceptions", "ProcessMultipleExceptions\ProcessMultipleExceptions.csproj", "{730CB70F-B811-42B4-9B96-C5D0BDCEE905}"
EndProject
Global
	GlobalSection(SolutionConfigurationPlatforms) = preSolution
		Debug|Any CPU = Debug|Any CPU
		Release|Any CPU = Release|Any CPU
	EndGlobalSection
	GlobalSection(ProjectConfigurationPlatforms) = postSolution
		{730CB70F-B811-42B4-9B96-C5D0BDCEE905}.Debug|Any CPU.ActiveCfg = Debug|Any CPU
		{730CB70F-B811-42B4-9B96-C5D0BDCEE905}.Debug|Any CPU.Build.0 = Debug|Any CPU
		{730CB70F-B811-42B4-9B96-C5D0BDCEE905}.Release|Any CPU.ActiveCfg = Release|Any CPU
		{730CB70F-B811-42B4-9B96-C5D0BDCEE905}.Release|Any CPU.Build.0 = Release|Any CPU
	EndGlobalSection
	GlobalSection(SolutionProperties) = preSolution
		HideSolutionNode = FALSE
	EndGlobalSection
	GlobalSection(ExtensibilityGlobals) = postSolution
		SolutionGuid = {C7A33ED0-732E-48D3-A074-130EBCCC927E}
	EndGlobalSection
EndGlobal
