
Microsoft Visual Studio Solution File, Format Version 12.00
# Visual Studio Version 16
VisualStudioVersion = 16.0.30804.86
MinimumVisualStudioVersion = 10.0.40219.1
Project("{FAE04EC0-301F-11D3-BF4B-00C04F79EFBC}") = "ExportDataToOfficeApp", "ExportDataToOfficeApp\ExportDataToOfficeApp.csproj", "{4E131D38-B75F-4FC0-89FC-AF7ED05BDDC7}"
EndProject
Global
	GlobalSection(SolutionConfigurationPlatforms) = preSolution
		Debug|Any CPU = Debug|Any CPU
		Release|Any CPU = Release|Any CPU
	EndGlobalSection
	GlobalSection(ProjectConfigurationPlatforms) = postSolution
		{4E131D38-B75F-4FC0-89FC-AF7ED05BDDC7}.Debug|Any CPU.ActiveCfg = Debug|Any CPU
		{4E131D38-B75F-4FC0-89FC-AF7ED05BDDC7}.Debug|Any CPU.Build.0 = Debug|Any CPU
		{4E131D38-B75F-4FC0-89FC-AF7ED05BDDC7}.Release|Any CPU.ActiveCfg = Release|Any CPU
		{4E131D38-B75F-4FC0-89FC-AF7ED05BDDC7}.Release|Any CPU.Build.0 = Release|Any CPU
	EndGlobalSection
	GlobalSection(SolutionProperties) = preSolution
		HideSolutionNode = FALSE
	EndGlobalSection
	GlobalSection(ExtensibilityGlobals) = postSolution
		SolutionGuid = {453D3577-4D90-4C55-82E5-5EBC40926670}
	EndGlobalSection
EndGlobal
