
Microsoft Visual Studio Solution File, Format Version 12.00
# Visual Studio Version 16
VisualStudioVersion = 16.0.30621.155
MinimumVisualStudioVersion = 10.0.40219.1
Project("{FAE04EC0-301F-11D3-BF4B-00C04F79EFBC}") = "CSharpCarClient", "CSharpCarClient\CSharpCarClient.csproj", "{485D2CF7-149F-4917-8617-29DC8EF9D5E1}"
EndProject
Global
	GlobalSection(SolutionConfigurationPlatforms) = preSolution
		Debug|Any CPU = Debug|Any CPU
		Release|Any CPU = Release|Any CPU
	EndGlobalSection
	GlobalSection(ProjectConfigurationPlatforms) = postSolution
		{485D2CF7-149F-4917-8617-29DC8EF9D5E1}.Debug|Any CPU.ActiveCfg = Debug|Any CPU
		{485D2CF7-149F-4917-8617-29DC8EF9D5E1}.Debug|Any CPU.Build.0 = Debug|Any CPU
		{485D2CF7-149F-4917-8617-29DC8EF9D5E1}.Release|Any CPU.ActiveCfg = Release|Any CPU
		{485D2CF7-149F-4917-8617-29DC8EF9D5E1}.Release|Any CPU.Build.0 = Release|Any CPU
	EndGlobalSection
	GlobalSection(SolutionProperties) = preSolution
		HideSolutionNode = FALSE
	EndGlobalSection
	GlobalSection(ExtensibilityGlobals) = postSolution
		SolutionGuid = {B72A67EA-B025-4033-8C35-BD9F0A6DF3BA}
	EndGlobalSection
EndGlobal
