
Microsoft Visual Studio Solution File, Format Version 12.00
# Visual Studio Version 16
VisualStudioVersion = 16.0.30611.23
MinimumVisualStudioVersion = 10.0.40219.1
Project("{FAE04EC0-301F-11D3-BF4B-00C04F79EFBC}") = "LinqRetValues", "LinqRetValues\LinqRetValues.csproj", "{43CA58B3-FCA0-4D15-8DB2-0351C453761D}"
EndProject
Global
	GlobalSection(SolutionConfigurationPlatforms) = preSolution
		Debug|Any CPU = Debug|Any CPU
		Release|Any CPU = Release|Any CPU
	EndGlobalSection
	GlobalSection(ProjectConfigurationPlatforms) = postSolution
		{43CA58B3-FCA0-4D15-8DB2-0351C453761D}.Debug|Any CPU.ActiveCfg = Debug|Any CPU
		{43CA58B3-FCA0-4D15-8DB2-0351C453761D}.Debug|Any CPU.Build.0 = Debug|Any CPU
		{43CA58B3-FCA0-4D15-8DB2-0351C453761D}.Release|Any CPU.ActiveCfg = Release|Any CPU
		{43CA58B3-FCA0-4D15-8DB2-0351C453761D}.Release|Any CPU.Build.0 = Release|Any CPU
	EndGlobalSection
	GlobalSection(SolutionProperties) = preSolution
		HideSolutionNode = FALSE
	EndGlobalSection
	GlobalSection(ExtensibilityGlobals) = postSolution
		SolutionGuid = {2B7D7DA2-D513-4026-90FC-194B6C2DC212}
	EndGlobalSection
EndGlobal
