
Microsoft Visual Studio Solution File, Format Version 12.00
# Visual Studio Version 16
VisualStudioVersion = 16.0.29911.84
MinimumVisualStudioVersion = 10.0.40219.1
Project("{FAE04EC0-301F-11D3-BF4B-00C04F79EFBC}") = "ImplicityTypedLocalVars", "ImplicityTypedLocalVars\ImplicityTypedLocalVars.csproj", "{650AA879-F566-4F88-BABC-334B9175323B}"
EndProject
Global
	GlobalSection(SolutionConfigurationPlatforms) = preSolution
		Debug|Any CPU = Debug|Any CPU
		Release|Any CPU = Release|Any CPU
	EndGlobalSection
	GlobalSection(ProjectConfigurationPlatforms) = postSolution
		{650AA879-F566-4F88-BABC-334B9175323B}.Debug|Any CPU.ActiveCfg = Debug|Any CPU
		{650AA879-F566-4F88-BABC-334B9175323B}.Debug|Any CPU.Build.0 = Debug|Any CPU
		{650AA879-F566-4F88-BABC-334B9175323B}.Release|Any CPU.ActiveCfg = Release|Any CPU
		{650AA879-F566-4F88-BABC-334B9175323B}.Release|Any CPU.Build.0 = Release|Any CPU
	EndGlobalSection
	GlobalSection(SolutionProperties) = preSolution
		HideSolutionNode = FALSE
	EndGlobalSection
	GlobalSection(ExtensibilityGlobals) = postSolution
		SolutionGuid = {7D733C01-DCD1-4A3C-BCEB-C9D0464EFD7C}
	EndGlobalSection
EndGlobal
