
Microsoft Visual Studio Solution File, Format Version 12.00
# Visual Studio Version 16
VisualStudioVersion = 16.0.30611.23
MinimumVisualStudioVersion = 10.0.40219.1
Project("{FAE04EC0-301F-11D3-BF4B-00C04F79EFBC}") = "ListOverCollections", "ListOverCollections\ListOverCollections.csproj", "{C5FF126A-3591-46D3-918D-9AE0DF488609}"
EndProject
Global
	GlobalSection(SolutionConfigurationPlatforms) = preSolution
		Debug|Any CPU = Debug|Any CPU
		Release|Any CPU = Release|Any CPU
	EndGlobalSection
	GlobalSection(ProjectConfigurationPlatforms) = postSolution
		{C5FF126A-3591-46D3-918D-9AE0DF488609}.Debug|Any CPU.ActiveCfg = Debug|Any CPU
		{C5FF126A-3591-46D3-918D-9AE0DF488609}.Debug|Any CPU.Build.0 = Debug|Any CPU
		{C5FF126A-3591-46D3-918D-9AE0DF488609}.Release|Any CPU.ActiveCfg = Release|Any CPU
		{C5FF126A-3591-46D3-918D-9AE0DF488609}.Release|Any CPU.Build.0 = Release|Any CPU
	EndGlobalSection
	GlobalSection(SolutionProperties) = preSolution
		HideSolutionNode = FALSE
	EndGlobalSection
	GlobalSection(ExtensibilityGlobals) = postSolution
		SolutionGuid = {02E184E2-50EC-457E-9D37-576B0D2CE3E9}
	EndGlobalSection
EndGlobal
