
Microsoft Visual Studio Solution File, Format Version 12.00
# Visual Studio Version 16
VisualStudioVersion = 16.0.30621.155
MinimumVisualStudioVersion = 10.0.40219.1
Project("{FAE04EC0-301F-11D3-BF4B-00C04F79EFBC}") = "SharedCarLibClient", "SharedCarLibClient\SharedCarLibClient.csproj", "{A23339D1-1858-46E5-B416-9655A88DFB90}"
EndProject
Global
	GlobalSection(SolutionConfigurationPlatforms) = preSolution
		Debug|Any CPU = Debug|Any CPU
		Release|Any CPU = Release|Any CPU
	EndGlobalSection
	GlobalSection(ProjectConfigurationPlatforms) = postSolution
		{A23339D1-1858-46E5-B416-9655A88DFB90}.Debug|Any CPU.ActiveCfg = Debug|Any CPU
		{A23339D1-1858-46E5-B416-9655A88DFB90}.Debug|Any CPU.Build.0 = Debug|Any CPU
		{A23339D1-1858-46E5-B416-9655A88DFB90}.Release|Any CPU.ActiveCfg = Release|Any CPU
		{A23339D1-1858-46E5-B416-9655A88DFB90}.Release|Any CPU.Build.0 = Release|Any CPU
	EndGlobalSection
	GlobalSection(SolutionProperties) = preSolution
		HideSolutionNode = FALSE
	EndGlobalSection
	GlobalSection(ExtensibilityGlobals) = postSolution
		SolutionGuid = {FB00BDD7-EC55-4172-ACB7-6FDD75287F40}
	EndGlobalSection
EndGlobal
