
Microsoft Visual Studio Solution File, Format Version 12.00
# Visual Studio Version 16
VisualStudioVersion = 16.0.29911.84
MinimumVisualStudioVersion = 10.0.40219.1
Project("{FAE04EC0-301F-11D3-BF4B-00C04F79EFBC}") = "FunWithArrays", "FunWithArrays\FunWithArrays.csproj", "{FD7CA944-168D-4572-B19B-9761ECBECB51}"
EndProject
Global
	GlobalSection(SolutionConfigurationPlatforms) = preSolution
		Debug|Any CPU = Debug|Any CPU
		Release|Any CPU = Release|Any CPU
	EndGlobalSection
	GlobalSection(ProjectConfigurationPlatforms) = postSolution
		{FD7CA944-168D-4572-B19B-9761ECBECB51}.Debug|Any CPU.ActiveCfg = Debug|Any CPU
		{FD7CA944-168D-4572-B19B-9761ECBECB51}.Debug|Any CPU.Build.0 = Debug|Any CPU
		{FD7CA944-168D-4572-B19B-9761ECBECB51}.Release|Any CPU.ActiveCfg = Release|Any CPU
		{FD7CA944-168D-4572-B19B-9761ECBECB51}.Release|Any CPU.Build.0 = Release|Any CPU
	EndGlobalSection
	GlobalSection(SolutionProperties) = preSolution
		HideSolutionNode = FALSE
	EndGlobalSection
	GlobalSection(ExtensibilityGlobals) = postSolution
		SolutionGuid = {8EC0B7B0-B315-449F-949A-820B2DBA3878}
	EndGlobalSection
EndGlobal
