
Microsoft Visual Studio Solution File, Format Version 12.00
# Visual Studio Version 16
VisualStudioVersion = 16.0.30621.155
MinimumVisualStudioVersion = 10.0.40219.1
Project("{FAE04EC0-301F-11D3-BF4B-00C04F79EFBC}") = "SimpleGC", "SimpleGC\SimpleGC.csproj", "{BDCF90E9-B274-4926-9CB2-AD5DA2C5897F}"
EndProject
Global
	GlobalSection(SolutionConfigurationPlatforms) = preSolution
		Debug|Any CPU = Debug|Any CPU
		Release|Any CPU = Release|Any CPU
	EndGlobalSection
	GlobalSection(ProjectConfigurationPlatforms) = postSolution
		{BDCF90E9-B274-4926-9CB2-AD5DA2C5897F}.Debug|Any CPU.ActiveCfg = Debug|Any CPU
		{BDCF90E9-B274-4926-9CB2-AD5DA2C5897F}.Debug|Any CPU.Build.0 = Debug|Any CPU
		{BDCF90E9-B274-4926-9CB2-AD5DA2C5897F}.Release|Any CPU.ActiveCfg = Release|Any CPU
		{BDCF90E9-B274-4926-9CB2-AD5DA2C5897F}.Release|Any CPU.Build.0 = Release|Any CPU
	EndGlobalSection
	GlobalSection(SolutionProperties) = preSolution
		HideSolutionNode = FALSE
	EndGlobalSection
	GlobalSection(ExtensibilityGlobals) = postSolution
		SolutionGuid = {25524E23-7373-4BAD-899E-3F93FEB39B73}
	EndGlobalSection
EndGlobal
